{
  "name": "minishop-frontend",
  "version": "0.0.0",
  "lockfileVersion": 1,
  "requires": true,
  "dependencies": {
    "vite-envs": {
      "version": "4.4.11",
      "resolved": "https://registry.npmjs.org/vite-envs/-/vite-envs-4.4.11.tgz",
      "integrity": "sha512-uJtnRYu+tB7dhmjvYDU8dgsCCGZet+O0Yh4P3HlTYGOhfqYyG/nFVEY3eZcS1/GH2hpKXTTB4NHX6v6xT5Dqzg==",
      "dev": true
    }
  }
}
